github.com/Binject/debug v0.0.0-20230508195519-26db73212a7a h1:4c0nc0krv8eh7gD809n+swLaCuFyHpxdrxwx0ZmHvBw=
github.com/Binject/debug v0.0.0-20230508195519-26db73212a7a/go.mod h1:QzgxDLY/qdKlvnbnb65eqTedhvQPbaSP2NqIbcuKvsQ=
golang.org/x/sys v0.13.0 h1:Af8nKPmuFypiUBjVoU9V20FiaFXOcuZI21p0ycVYYGE=
golang.org/x/sys v0.13.0/go.mod h1:oPkhp1MJrh7nUepCBck5+mAzfO9JrbApNNgaTdGDITg=
